# This file is autogenerated, do not edit; changes may be undone by the next 'dep ensure'.


[[projects]]
  name = "github.com/go-stomp/stomp"
  packages = [
    ".",
    "frame"
  ]
  revision = "ba860900ef3307ecfe85ca14bc4838f24cfc7126"
  version = "v2.0"

[solve-meta]
  analyzer-name = "dep"
  analyzer-version = 1
  inputs-digest = "0d56ac1713df6d918ca4fc75ef2f845deecaeaf0b055fc3f2a1b17de9e8266cb"
  solver-name = "gps-cdcl"
  solver-version = 1
